
Microsoft Visual Studio Solution File, Format Version 12.00
# Visual Studio Version 17
VisualStudioVersion = 17.13.35806.99 d17.13
MinimumVisualStudioVersion = 10.0.40219.1
Project("{FAE04EC0-301F-11D3-BF4B-00C04F79EFBC}") = "test_control_WPF", "test_control_WPF\test_control_WPF.csproj", "{5BA425D5-3488-43EF-A94D-D426BE7245A6}"
EndProject
Global
	GlobalSection(SolutionConfigurationPlatforms) = preSolution
		Debug|Any CPU = Debug|Any CPU
		Release|Any CPU = Release|Any CPU
	EndGlobalSection
	GlobalSection(ProjectConfigurationPlatforms) = postSolution
		{5BA425D5-3488-43EF-A94D-D426BE7245A6}.Debug|Any CPU.ActiveCfg = Debug|Any CPU
		{5BA425D5-3488-43EF-A94D-D426BE7245A6}.Debug|Any CPU.Build.0 = Debug|Any CPU
		{5BA425D5-3488-43EF-A94D-D426BE7245A6}.Release|Any CPU.ActiveCfg = Release|Any CPU
		{5BA425D5-3488-43EF-A94D-D426BE7245A6}.Release|Any CPU.Build.0 = Release|Any CPU
	EndGlobalSection
	GlobalSection(SolutionProperties) = preSolution
		HideSolutionNode = FALSE
	EndGlobalSection
	GlobalSection(ExtensibilityGlobals) = postSolution
		SolutionGuid = {E444BC61-43FA-487B-B907-223DDEB08E07}
	EndGlobalSection
EndGlobal
